{
  "version": 4,
  "terraform_version": "1.5.3",
  "serial": 460,
  "lineage": "06379f24-de5d-5742-0091-322d665f3402",
  "outputs": {},
  "resources": [
    {
      "mode": "data",
      "type": "yandex_compute_image",
      "name": "ubuntu_image",
      "provider": "provider[\"registry.terraform.io/yandex-cloud/yandex\"]",
      "instances": [
        {
          "schema_version": 0,
          "attributes": {
            "created_at": "2024-01-08T10:56:30Z",
            "description": "ubuntu 20.04 lts",
            "family": "ubuntu-2004-lts",
            "folder_id": "standard-images",
            "id": "fd8hv2dssq4boeimr8hc",
            "image_id": "fd8hv2dssq4boeimr8hc",
            "labels": {},
            "min_disk_size": 5,
            "name": "ubuntu-20-04-lts-v20240108",
            "os_type": "linux",
            "pooled": true,
            "product_ids": [
              "f2e5u44tgahd4p10ckd0"
            ],
            "size": 4,
            "status": "ready"
          },
          "sensitive_attributes": []
        }
      ]
    },
    {
      "mode": "data",
      "type": "yandex_vpc_network",
      "name": "default",
      "provider": "provider[\"registry.terraform.io/yandex-cloud/yandex\"]",
      "instances": [
        {
          "schema_version": 0,
          "attributes": {
            "created_at": "2023-04-08T17:33:44Z",
            "default_security_group_id": "",
            "description": "Auto-created network",
            "folder_id": "b1g7jn3kmfd43b53ui4s",
            "id": "enpfqa8mj3jnlp1qitno",
            "labels": {},
            "name": "default",
            "network_id": "enpfqa8mj3jnlp1qitno",
            "subnet_ids": [
              "b0cdp7n3i6thfhi209fe",
              "e2lnu92uiq65p8jm4ulf",
              "e9b76q9b573881psop2r"
            ]
          },
          "sensitive_attributes": []
        }
      ]
    },
    {
      "mode": "data",
      "type": "yandex_vpc_subnet",
      "name": "default-ru-central1-a",
      "provider": "provider[\"registry.terraform.io/yandex-cloud/yandex\"]",
      "instances": [
        {
          "schema_version": 0,
          "attributes": {
            "created_at": "2023-04-08T17:33:44Z",
            "description": "Auto-created default subnet for zone ru-central1-a in default",
            "dhcp_options": [],
            "folder_id": "b1g7jn3kmfd43b53ui4s",
            "id": "e9b76q9b573881psop2r",
            "labels": {},
            "name": "default-ru-central1-a",
            "network_id": "enpfqa8mj3jnlp1qitno",
            "route_table_id": "",
            "subnet_id": "e9b76q9b573881psop2r",
            "v4_cidr_blocks": [
              "10.128.0.0/24"
            ],
            "v6_cidr_blocks": [],
            "zone": "ru-central1-a"
          },
          "sensitive_attributes": []
        }
      ]
    },
    {
      "mode": "data",
      "type": "yandex_vpc_subnet",
      "name": "default-ru-central1-b",
      "provider": "provider[\"registry.terraform.io/yandex-cloud/yandex\"]",
      "instances": [
        {
          "schema_version": 0,
          "attributes": {
            "created_at": "2023-04-08T17:33:44Z",
            "description": "Auto-created default subnet for zone ru-central1-b in default",
            "dhcp_options": [],
            "folder_id": "b1g7jn3kmfd43b53ui4s",
            "id": "e2lnu92uiq65p8jm4ulf",
            "labels": {},
            "name": "default-ru-central1-b",
            "network_id": "enpfqa8mj3jnlp1qitno",
            "route_table_id": "",
            "subnet_id": "e2lnu92uiq65p8jm4ulf",
            "v4_cidr_blocks": [
              "10.129.0.0/24"
            ],
            "v6_cidr_blocks": [],
            "zone": "ru-central1-b"
          },
          "sensitive_attributes": []
        }
      ]
    },
    {
      "mode": "data",
      "type": "yandex_vpc_subnet",
      "name": "default-ru-central1-c",
      "provider": "provider[\"registry.terraform.io/yandex-cloud/yandex\"]",
      "instances": [
        {
          "schema_version": 0,
          "attributes": {
            "created_at": "2023-04-08T17:33:45Z",
            "description": "Auto-created default subnet for zone ru-central1-c in default",
            "dhcp_options": [],
            "folder_id": "b1g7jn3kmfd43b53ui4s",
            "id": "b0cdp7n3i6thfhi209fe",
            "labels": {},
            "name": "default-ru-central1-c",
            "network_id": "enpfqa8mj3jnlp1qitno",
            "route_table_id": "",
            "subnet_id": "b0cdp7n3i6thfhi209fe",
            "v4_cidr_blocks": [
              "10.130.0.0/24"
            ],
            "v6_cidr_blocks": [],
            "zone": "ru-central1-c"
          },
          "sensitive_attributes": []
        }
      ]
    },
    {
      "mode": "managed",
      "type": "yandex_compute_instance",
      "name": "zone_a_hostnames",
      "provider": "provider[\"registry.terraform.io/yandex-cloud/yandex\"]",
      "instances": [
        {
          "index_key": "citus-coord-01",
          "schema_version": 1,
          "attributes": {
            "allow_recreate": null,
            "allow_stopping_for_update": null,
            "boot_disk": [
              {
                "auto_delete": true,
                "device_name": "fhmkevc3vdp4q4bvcocj",
                "disk_id": "fhmkevc3vdp4q4bvcocj",
                "initialize_params": [
                  {
                    "block_size": 4096,
                    "description": "",
                    "image_id": "fd8hv2dssq4boeimr8hc",
                    "name": "",
                    "size": 10,
                    "snapshot_id": "",
                    "type": "network-hdd"
                  }
                ],
                "mode": "READ_WRITE"
              }
            ],
            "created_at": "2024-01-13T05:07:21Z",
            "description": "",
            "filesystem": [],
            "folder_id": "b1g7jn3kmfd43b53ui4s",
            "fqdn": "citus-coord-01.ru-central1.internal",
            "gpu_cluster_id": "",
            "hostname": "citus-coord-01",
            "id": "fhm8gias4rghitg4784t",
            "labels": null,
            "local_disk": [],
            "metadata": {
              "user-data": "#cloud-config\nusers:\n  - name: ubuntu\n    groups: sudo\n    shell: /bin/bash\n    sudo: ['ALL=(ALL) NOPASSWD:ALL']\n    ssh-authorized-keys:\n      - ssh-rsa AAAAB3NzaC1yc2EAAAADAQABAAABAQDKPUc0Hs7AHn9PdxPOmNngvpecgorKRMK0BIZLTRadaA7UYSMth7T4UfxgNAPm2OXnbCmjU9IItsyhLzdYXJt3V4nyZP9AN05FSYWq60baRSbjWllf5Nqsb5AC4edFLl7dLZJGKlGn5bVUdlfZOb7d5+OBW9PH+kxT5Zs/iJ+bFSpuU7G2hK+9R8bI31uokYh8Qb7Ku02GZyHDIVsAW7P1yZ2zcIZlyuaTjfciFobBi0OI9rWNbDq5R4LribaNNZpw5jQ5gYgh0aqahhnW3u635pZsjoWjz6m6ueuZmVCUFU9Z1R3AvHKnhFiNLP6arB9hpUgKsAZF+kb3tl7MhlwF\n"
            },
            "metadata_options": [
              {
                "aws_v1_http_endpoint": 1,
                "aws_v1_http_token": 2,
                "gce_http_endpoint": 1,
                "gce_http_token": 1
              }
            ],
            "name": "citus-coord-01",
            "network_acceleration_type": "standard",
            "network_interface": [
              {
                "dns_record": [],
                "index": 0,
                "ip_address": "10.128.0.26",
                "ipv4": true,
                "ipv6": false,
                "ipv6_address": "",
                "ipv6_dns_record": [],
                "mac_address": "d0:0d:88:49:5c:26",
                "nat": true,
                "nat_dns_record": [],
                "nat_ip_address": "158.160.48.214",
                "nat_ip_version": "IPV4",
                "security_group_ids": [],
                "subnet_id": "e9b76q9b573881psop2r"
              }
            ],
            "placement_policy": [
              {
                "host_affinity_rules": [],
                "placement_group_id": ""
              }
            ],
            "platform_id": "standard-v1",
            "resources": [
              {
                "core_fraction": 100,
                "cores": 2,
                "gpus": 0,
                "memory": 2
              }
            ],
            "scheduling_policy": [
              {
                "preemptible": false
              }
            ],
            "secondary_disk": [],
            "service_account_id": "",
            "status": "running",
            "timeouts": null,
            "zone": "ru-central1-a"
          },
          "sensitive_attributes": [],
          "private": "eyJlMmJmYjczMC1lY2FhLTExZTYtOGY4OC0zNDM2M2JjN2M0YzAiOnsiY3JlYXRlIjozMDAwMDAwMDAwMDAsImRlbGV0ZSI6MzAwMDAwMDAwMDAwLCJ1cGRhdGUiOjMwMDAwMDAwMDAwMH0sInNjaGVtYV92ZXJzaW9uIjoiMSJ9",
          "dependencies": [
            "data.yandex_compute_image.ubuntu_image",
            "data.yandex_vpc_subnet.default-ru-central1-a"
          ]
        },
        {
          "index_key": "citus-worker-01",
          "schema_version": 1,
          "attributes": {
            "allow_recreate": null,
            "allow_stopping_for_update": null,
            "boot_disk": [
              {
                "auto_delete": true,
                "device_name": "fhmcd8t9ksucr4kfo80r",
                "disk_id": "fhmcd8t9ksucr4kfo80r",
                "initialize_params": [
                  {
                    "block_size": 4096,
                    "description": "",
                    "image_id": "fd8hv2dssq4boeimr8hc",
                    "name": "",
                    "size": 10,
                    "snapshot_id": "",
                    "type": "network-hdd"
                  }
                ],
                "mode": "READ_WRITE"
              }
            ],
            "created_at": "2024-01-13T05:06:51Z",
            "description": "",
            "filesystem": [],
            "folder_id": "b1g7jn3kmfd43b53ui4s",
            "fqdn": "citus-worker-01.ru-central1.internal",
            "gpu_cluster_id": "",
            "hostname": "citus-worker-01",
            "id": "fhmjfvc2qsdtuq26rci2",
            "labels": null,
            "local_disk": [],
            "metadata": {
              "user-data": "#cloud-config\nusers:\n  - name: ubuntu\n    groups: sudo\n    shell: /bin/bash\n    sudo: ['ALL=(ALL) NOPASSWD:ALL']\n    ssh-authorized-keys:\n      - ssh-rsa AAAAB3NzaC1yc2EAAAADAQABAAABAQDKPUc0Hs7AHn9PdxPOmNngvpecgorKRMK0BIZLTRadaA7UYSMth7T4UfxgNAPm2OXnbCmjU9IItsyhLzdYXJt3V4nyZP9AN05FSYWq60baRSbjWllf5Nqsb5AC4edFLl7dLZJGKlGn5bVUdlfZOb7d5+OBW9PH+kxT5Zs/iJ+bFSpuU7G2hK+9R8bI31uokYh8Qb7Ku02GZyHDIVsAW7P1yZ2zcIZlyuaTjfciFobBi0OI9rWNbDq5R4LribaNNZpw5jQ5gYgh0aqahhnW3u635pZsjoWjz6m6ueuZmVCUFU9Z1R3AvHKnhFiNLP6arB9hpUgKsAZF+kb3tl7MhlwF\n"
            },
            "metadata_options": [
              {
                "aws_v1_http_endpoint": 1,
                "aws_v1_http_token": 2,
                "gce_http_endpoint": 1,
                "gce_http_token": 1
              }
            ],
            "name": "citus-worker-01",
            "network_acceleration_type": "standard",
            "network_interface": [
              {
                "dns_record": [],
                "index": 0,
                "ip_address": "10.128.0.36",
                "ipv4": true,
                "ipv6": false,
                "ipv6_address": "",
                "ipv6_dns_record": [],
                "mac_address": "d0:0d:13:7f:d8:2d",
                "nat": true,
                "nat_dns_record": [],
                "nat_ip_address": "158.160.49.96",
                "nat_ip_version": "IPV4",
                "security_group_ids": [],
                "subnet_id": "e9b76q9b573881psop2r"
              }
            ],
            "placement_policy": [
              {
                "host_affinity_rules": [],
                "placement_group_id": ""
              }
            ],
            "platform_id": "standard-v1",
            "resources": [
              {
                "core_fraction": 100,
                "cores": 2,
                "gpus": 0,
                "memory": 4
              }
            ],
            "scheduling_policy": [
              {
                "preemptible": false
              }
            ],
            "secondary_disk": [],
            "service_account_id": "",
            "status": "running",
            "timeouts": null,
            "zone": "ru-central1-a"
          },
          "sensitive_attributes": [],
          "private": "eyJlMmJmYjczMC1lY2FhLTExZTYtOGY4OC0zNDM2M2JjN2M0YzAiOnsiY3JlYXRlIjozMDAwMDAwMDAwMDAsImRlbGV0ZSI6MzAwMDAwMDAwMDAwLCJ1cGRhdGUiOjMwMDAwMDAwMDAwMH0sInNjaGVtYV92ZXJzaW9uIjoiMSJ9",
          "dependencies": [
            "data.yandex_compute_image.ubuntu_image",
            "data.yandex_vpc_subnet.default-ru-central1-a"
          ]
        },
        {
          "index_key": "citus-worker-02",
          "schema_version": 1,
          "attributes": {
            "allow_recreate": null,
            "allow_stopping_for_update": null,
            "boot_disk": [
              {
                "auto_delete": true,
                "device_name": "fhmrmf2errhbsaf57h8l",
                "disk_id": "fhmrmf2errhbsaf57h8l",
                "initialize_params": [
                  {
                    "block_size": 4096,
                    "description": "",
                    "image_id": "fd8hv2dssq4boeimr8hc",
                    "name": "",
                    "size": 10,
                    "snapshot_id": "",
                    "type": "network-hdd"
                  }
                ],
                "mode": "READ_WRITE"
              }
            ],
            "created_at": "2024-01-13T05:06:51Z",
            "description": "",
            "filesystem": [],
            "folder_id": "b1g7jn3kmfd43b53ui4s",
            "fqdn": "citus-worker-02.ru-central1.internal",
            "gpu_cluster_id": "",
            "hostname": "citus-worker-02",
            "id": "fhmf35c55m7277of8mus",
            "labels": null,
            "local_disk": [],
            "metadata": {
              "user-data": "#cloud-config\nusers:\n  - name: ubuntu\n    groups: sudo\n    shell: /bin/bash\n    sudo: ['ALL=(ALL) NOPASSWD:ALL']\n    ssh-authorized-keys:\n      - ssh-rsa AAAAB3NzaC1yc2EAAAADAQABAAABAQDKPUc0Hs7AHn9PdxPOmNngvpecgorKRMK0BIZLTRadaA7UYSMth7T4UfxgNAPm2OXnbCmjU9IItsyhLzdYXJt3V4nyZP9AN05FSYWq60baRSbjWllf5Nqsb5AC4edFLl7dLZJGKlGn5bVUdlfZOb7d5+OBW9PH+kxT5Zs/iJ+bFSpuU7G2hK+9R8bI31uokYh8Qb7Ku02GZyHDIVsAW7P1yZ2zcIZlyuaTjfciFobBi0OI9rWNbDq5R4LribaNNZpw5jQ5gYgh0aqahhnW3u635pZsjoWjz6m6ueuZmVCUFU9Z1R3AvHKnhFiNLP6arB9hpUgKsAZF+kb3tl7MhlwF\n"
            },
            "metadata_options": [
              {
                "aws_v1_http_endpoint": 1,
                "aws_v1_http_token": 2,
                "gce_http_endpoint": 1,
                "gce_http_token": 1
              }
            ],
            "name": "citus-worker-02",
            "network_acceleration_type": "standard",
            "network_interface": [
              {
                "dns_record": [],
                "index": 0,
                "ip_address": "10.128.0.31",
                "ipv4": true,
                "ipv6": false,
                "ipv6_address": "",
                "ipv6_dns_record": [],
                "mac_address": "d0:0d:f1:95:85:2d",
                "nat": true,
                "nat_dns_record": [],
                "nat_ip_address": "84.201.132.81",
                "nat_ip_version": "IPV4",
                "security_group_ids": [],
                "subnet_id": "e9b76q9b573881psop2r"
              }
            ],
            "placement_policy": [
              {
                "host_affinity_rules": [],
                "placement_group_id": ""
              }
            ],
            "platform_id": "standard-v1",
            "resources": [
              {
                "core_fraction": 100,
                "cores": 2,
                "gpus": 0,
                "memory": 4
              }
            ],
            "scheduling_policy": [
              {
                "preemptible": false
              }
            ],
            "secondary_disk": [],
            "service_account_id": "",
            "status": "running",
            "timeouts": null,
            "zone": "ru-central1-a"
          },
          "sensitive_attributes": [],
          "private": "eyJlMmJmYjczMC1lY2FhLTExZTYtOGY4OC0zNDM2M2JjN2M0YzAiOnsiY3JlYXRlIjozMDAwMDAwMDAwMDAsImRlbGV0ZSI6MzAwMDAwMDAwMDAwLCJ1cGRhdGUiOjMwMDAwMDAwMDAwMH0sInNjaGVtYV92ZXJzaW9uIjoiMSJ9",
          "dependencies": [
            "data.yandex_compute_image.ubuntu_image",
            "data.yandex_vpc_subnet.default-ru-central1-a"
          ]
        },
        {
          "index_key": "etcd01",
          "schema_version": 1,
          "attributes": {
            "allow_recreate": null,
            "allow_stopping_for_update": null,
            "boot_disk": [
              {
                "auto_delete": true,
                "device_name": "fhmrrdbth7lovfaopi1l",
                "disk_id": "fhmrrdbth7lovfaopi1l",
                "initialize_params": [
                  {
                    "block_size": 4096,
                    "description": "",
                    "image_id": "fd8hv2dssq4boeimr8hc",
                    "name": "",
                    "size": 10,
                    "snapshot_id": "",
                    "type": "network-hdd"
                  }
                ],
                "mode": "READ_WRITE"
              }
            ],
            "created_at": "2024-01-13T05:06:50Z",
            "description": "",
            "filesystem": [],
            "folder_id": "b1g7jn3kmfd43b53ui4s",
            "fqdn": "etcd-01.ru-central1.internal",
            "gpu_cluster_id": "",
            "hostname": "etcd-01",
            "id": "fhmid2fhuddeapiq5fl3",
            "labels": null,
            "local_disk": [],
            "metadata": {
              "user-data": "#cloud-config\nusers:\n  - name: ubuntu\n    groups: sudo\n    shell: /bin/bash\n    sudo: ['ALL=(ALL) NOPASSWD:ALL']\n    ssh-authorized-keys:\n      - ssh-rsa AAAAB3NzaC1yc2EAAAADAQABAAABAQDKPUc0Hs7AHn9PdxPOmNngvpecgorKRMK0BIZLTRadaA7UYSMth7T4UfxgNAPm2OXnbCmjU9IItsyhLzdYXJt3V4nyZP9AN05FSYWq60baRSbjWllf5Nqsb5AC4edFLl7dLZJGKlGn5bVUdlfZOb7d5+OBW9PH+kxT5Zs/iJ+bFSpuU7G2hK+9R8bI31uokYh8Qb7Ku02GZyHDIVsAW7P1yZ2zcIZlyuaTjfciFobBi0OI9rWNbDq5R4LribaNNZpw5jQ5gYgh0aqahhnW3u635pZsjoWjz6m6ueuZmVCUFU9Z1R3AvHKnhFiNLP6arB9hpUgKsAZF+kb3tl7MhlwF\n"
            },
            "metadata_options": [
              {
                "aws_v1_http_endpoint": 1,
                "aws_v1_http_token": 2,
                "gce_http_endpoint": 1,
                "gce_http_token": 1
              }
            ],
            "name": "etcd-01",
            "network_acceleration_type": "standard",
            "network_interface": [
              {
                "dns_record": [],
                "index": 0,
                "ip_address": "10.128.0.13",
                "ipv4": true,
                "ipv6": false,
                "ipv6_address": "",
                "ipv6_dns_record": [],
                "mac_address": "d0:0d:12:68:9f:1f",
                "nat": true,
                "nat_dns_record": [],
                "nat_ip_address": "158.160.55.93",
                "nat_ip_version": "IPV4",
                "security_group_ids": [],
                "subnet_id": "e9b76q9b573881psop2r"
              }
            ],
            "placement_policy": [
              {
                "host_affinity_rules": [],
                "placement_group_id": ""
              }
            ],
            "platform_id": "standard-v1",
            "resources": [
              {
                "core_fraction": 100,
                "cores": 2,
                "gpus": 0,
                "memory": 2
              }
            ],
            "scheduling_policy": [
              {
                "preemptible": false
              }
            ],
            "secondary_disk": [],
            "service_account_id": "",
            "status": "running",
            "timeouts": null,
            "zone": "ru-central1-a"
          },
          "sensitive_attributes": [],
          "private": "eyJlMmJmYjczMC1lY2FhLTExZTYtOGY4OC0zNDM2M2JjN2M0YzAiOnsiY3JlYXRlIjozMDAwMDAwMDAwMDAsImRlbGV0ZSI6MzAwMDAwMDAwMDAwLCJ1cGRhdGUiOjMwMDAwMDAwMDAwMH0sInNjaGVtYV92ZXJzaW9uIjoiMSJ9",
          "dependencies": [
            "data.yandex_compute_image.ubuntu_image",
            "data.yandex_vpc_subnet.default-ru-central1-a"
          ]
        },
        {
          "index_key": "haproxy-01",
          "schema_version": 1,
          "attributes": {
            "allow_recreate": null,
            "allow_stopping_for_update": null,
            "boot_disk": [
              {
                "auto_delete": true,
                "device_name": "fhm13n143rbnevieoug9",
                "disk_id": "fhm13n143rbnevieoug9",
                "initialize_params": [
                  {
                    "block_size": 4096,
                    "description": "",
                    "image_id": "fd8hv2dssq4boeimr8hc",
                    "name": "",
                    "size": 10,
                    "snapshot_id": "",
                    "type": "network-hdd"
                  }
                ],
                "mode": "READ_WRITE"
              }
            ],
            "created_at": "2024-01-13T05:06:51Z",
            "description": "",
            "filesystem": [],
            "folder_id": "b1g7jn3kmfd43b53ui4s",
            "fqdn": "haproxy-01.ru-central1.internal",
            "gpu_cluster_id": "",
            "hostname": "haproxy-01",
            "id": "fhm15r5efepe52nu7p33",
            "labels": null,
            "local_disk": [],
            "metadata": {
              "user-data": "#cloud-config\nusers:\n  - name: ubuntu\n    groups: sudo\n    shell: /bin/bash\n    sudo: ['ALL=(ALL) NOPASSWD:ALL']\n    ssh-authorized-keys:\n      - ssh-rsa AAAAB3NzaC1yc2EAAAADAQABAAABAQDKPUc0Hs7AHn9PdxPOmNngvpecgorKRMK0BIZLTRadaA7UYSMth7T4UfxgNAPm2OXnbCmjU9IItsyhLzdYXJt3V4nyZP9AN05FSYWq60baRSbjWllf5Nqsb5AC4edFLl7dLZJGKlGn5bVUdlfZOb7d5+OBW9PH+kxT5Zs/iJ+bFSpuU7G2hK+9R8bI31uokYh8Qb7Ku02GZyHDIVsAW7P1yZ2zcIZlyuaTjfciFobBi0OI9rWNbDq5R4LribaNNZpw5jQ5gYgh0aqahhnW3u635pZsjoWjz6m6ueuZmVCUFU9Z1R3AvHKnhFiNLP6arB9hpUgKsAZF+kb3tl7MhlwF\n"
            },
            "metadata_options": [
              {
                "aws_v1_http_endpoint": 1,
                "aws_v1_http_token": 2,
                "gce_http_endpoint": 1,
                "gce_http_token": 1
              }
            ],
            "name": "haproxy-01",
            "network_acceleration_type": "standard",
            "network_interface": [
              {
                "dns_record": [],
                "index": 0,
                "ip_address": "10.128.0.23",
                "ipv4": true,
                "ipv6": false,
                "ipv6_address": "",
                "ipv6_dns_record": [],
                "mac_address": "d0:0d:12:ec:ae:7b",
                "nat": true,
                "nat_dns_record": [],
                "nat_ip_address": "158.160.36.80",
                "nat_ip_version": "IPV4",
                "security_group_ids": [],
                "subnet_id": "e9b76q9b573881psop2r"
              }
            ],
            "placement_policy": [
              {
                "host_affinity_rules": [],
                "placement_group_id": ""
              }
            ],
            "platform_id": "standard-v1",
            "resources": [
              {
                "core_fraction": 100,
                "cores": 2,
                "gpus": 0,
                "memory": 2
              }
            ],
            "scheduling_policy": [
              {
                "preemptible": false
              }
            ],
            "secondary_disk": [],
            "service_account_id": "",
            "status": "running",
            "timeouts": null,
            "zone": "ru-central1-a"
          },
          "sensitive_attributes": [],
          "private": "eyJlMmJmYjczMC1lY2FhLTExZTYtOGY4OC0zNDM2M2JjN2M0YzAiOnsiY3JlYXRlIjozMDAwMDAwMDAwMDAsImRlbGV0ZSI6MzAwMDAwMDAwMDAwLCJ1cGRhdGUiOjMwMDAwMDAwMDAwMH0sInNjaGVtYV92ZXJzaW9uIjoiMSJ9",
          "dependencies": [
            "data.yandex_compute_image.ubuntu_image",
            "data.yandex_vpc_subnet.default-ru-central1-a"
          ]
        },
        {
          "index_key": "monitoring",
          "schema_version": 1,
          "attributes": {
            "allow_recreate": null,
            "allow_stopping_for_update": null,
            "boot_disk": [
              {
                "auto_delete": true,
                "device_name": "fhm5s9cqm4u5m8rv6qsg",
                "disk_id": "fhm5s9cqm4u5m8rv6qsg",
                "initialize_params": [
                  {
                    "block_size": 4096,
                    "description": "",
                    "image_id": "fd8hv2dssq4boeimr8hc",
                    "name": "",
                    "size": 10,
                    "snapshot_id": "",
                    "type": "network-hdd"
                  }
                ],
                "mode": "READ_WRITE"
              }
            ],
            "created_at": "2024-01-13T05:06:51Z",
            "description": "",
            "filesystem": [],
            "folder_id": "b1g7jn3kmfd43b53ui4s",
            "fqdn": "monitoring.ru-central1.internal",
            "gpu_cluster_id": "",
            "hostname": "monitoring",
            "id": "fhme8hfp24ullb5t5bfh",
            "labels": null,
            "local_disk": [],
            "metadata": {
              "user-data": "#cloud-config\nusers:\n  - name: ubuntu\n    groups: sudo\n    shell: /bin/bash\n    sudo: ['ALL=(ALL) NOPASSWD:ALL']\n    ssh-authorized-keys:\n      - ssh-rsa AAAAB3NzaC1yc2EAAAADAQABAAABAQDKPUc0Hs7AHn9PdxPOmNngvpecgorKRMK0BIZLTRadaA7UYSMth7T4UfxgNAPm2OXnbCmjU9IItsyhLzdYXJt3V4nyZP9AN05FSYWq60baRSbjWllf5Nqsb5AC4edFLl7dLZJGKlGn5bVUdlfZOb7d5+OBW9PH+kxT5Zs/iJ+bFSpuU7G2hK+9R8bI31uokYh8Qb7Ku02GZyHDIVsAW7P1yZ2zcIZlyuaTjfciFobBi0OI9rWNbDq5R4LribaNNZpw5jQ5gYgh0aqahhnW3u635pZsjoWjz6m6ueuZmVCUFU9Z1R3AvHKnhFiNLP6arB9hpUgKsAZF+kb3tl7MhlwF\n"
            },
            "metadata_options": [
              {
                "aws_v1_http_endpoint": 1,
                "aws_v1_http_token": 2,
                "gce_http_endpoint": 1,
                "gce_http_token": 1
              }
            ],
            "name": "monitoring",
            "network_acceleration_type": "standard",
            "network_interface": [
              {
                "dns_record": [],
                "index": 0,
                "ip_address": "10.128.0.6",
                "ipv4": true,
                "ipv6": false,
                "ipv6_address": "",
                "ipv6_dns_record": [],
                "mac_address": "d0:0d:e4:45:f9:11",
                "nat": true,
                "nat_dns_record": [],
                "nat_ip_address": "158.160.58.47",
                "nat_ip_version": "IPV4",
                "security_group_ids": [],
                "subnet_id": "e9b76q9b573881psop2r"
              }
            ],
            "placement_policy": [
              {
                "host_affinity_rules": [],
                "placement_group_id": ""
              }
            ],
            "platform_id": "standard-v1",
            "resources": [
              {
                "core_fraction": 100,
                "cores": 2,
                "gpus": 0,
                "memory": 2
              }
            ],
            "scheduling_policy": [
              {
                "preemptible": false
              }
            ],
            "secondary_disk": [],
            "service_account_id": "",
            "status": "running",
            "timeouts": null,
            "zone": "ru-central1-a"
          },
          "sensitive_attributes": [],
          "private": "eyJlMmJmYjczMC1lY2FhLTExZTYtOGY4OC0zNDM2M2JjN2M0YzAiOnsiY3JlYXRlIjozMDAwMDAwMDAwMDAsImRlbGV0ZSI6MzAwMDAwMDAwMDAwLCJ1cGRhdGUiOjMwMDAwMDAwMDAwMH0sInNjaGVtYV92ZXJzaW9uIjoiMSJ9",
          "dependencies": [
            "data.yandex_compute_image.ubuntu_image",
            "data.yandex_vpc_subnet.default-ru-central1-a"
          ]
        }
      ]
    },
    {
      "mode": "managed",
      "type": "yandex_compute_instance",
      "name": "zone_b_hostnames",
      "provider": "provider[\"registry.terraform.io/yandex-cloud/yandex\"]",
      "instances": [
        {
          "index_key": "citus-coord-02",
          "schema_version": 1,
          "attributes": {
            "allow_recreate": null,
            "allow_stopping_for_update": null,
            "boot_disk": [
              {
                "auto_delete": true,
                "device_name": "epd44eb57t3s9j2gh1ir",
                "disk_id": "epd44eb57t3s9j2gh1ir",
                "initialize_params": [
                  {
                    "block_size": 4096,
                    "description": "",
                    "image_id": "fd8hv2dssq4boeimr8hc",
                    "name": "",
                    "size": 10,
                    "snapshot_id": "",
                    "type": "network-hdd"
                  }
                ],
                "mode": "READ_WRITE"
              }
            ],
            "created_at": "2024-01-13T05:06:51Z",
            "description": "",
            "filesystem": [],
            "folder_id": "b1g7jn3kmfd43b53ui4s",
            "fqdn": "citus-coord-02.ru-central1.internal",
            "gpu_cluster_id": "",
            "hostname": "citus-coord-02",
            "id": "epdhjn6n2og7h1u06to6",
            "labels": null,
            "local_disk": [],
            "metadata": {
              "user-data": "#cloud-config\nusers:\n  - name: ubuntu\n    groups: sudo\n    shell: /bin/bash\n    sudo: ['ALL=(ALL) NOPASSWD:ALL']\n    ssh-authorized-keys:\n      - ssh-rsa AAAAB3NzaC1yc2EAAAADAQABAAABAQDKPUc0Hs7AHn9PdxPOmNngvpecgorKRMK0BIZLTRadaA7UYSMth7T4UfxgNAPm2OXnbCmjU9IItsyhLzdYXJt3V4nyZP9AN05FSYWq60baRSbjWllf5Nqsb5AC4edFLl7dLZJGKlGn5bVUdlfZOb7d5+OBW9PH+kxT5Zs/iJ+bFSpuU7G2hK+9R8bI31uokYh8Qb7Ku02GZyHDIVsAW7P1yZ2zcIZlyuaTjfciFobBi0OI9rWNbDq5R4LribaNNZpw5jQ5gYgh0aqahhnW3u635pZsjoWjz6m6ueuZmVCUFU9Z1R3AvHKnhFiNLP6arB9hpUgKsAZF+kb3tl7MhlwF\n"
            },
            "metadata_options": [
              {
                "aws_v1_http_endpoint": 1,
                "aws_v1_http_token": 2,
                "gce_http_endpoint": 1,
                "gce_http_token": 1
              }
            ],
            "name": "citus-coord-02",
            "network_acceleration_type": "standard",
            "network_interface": [
              {
                "dns_record": [],
                "index": 0,
                "ip_address": "10.129.0.10",
                "ipv4": true,
                "ipv6": false,
                "ipv6_address": "",
                "ipv6_dns_record": [],
                "mac_address": "d0:0d:11:9d:cd:71",
                "nat": true,
                "nat_dns_record": [],
                "nat_ip_address": "84.252.139.6",
                "nat_ip_version": "IPV4",
                "security_group_ids": [],
                "subnet_id": "e2lnu92uiq65p8jm4ulf"
              }
            ],
            "placement_policy": [
              {
                "host_affinity_rules": [],
                "placement_group_id": ""
              }
            ],
            "platform_id": "standard-v1",
            "resources": [
              {
                "core_fraction": 100,
                "cores": 2,
                "gpus": 0,
                "memory": 2
              }
            ],
            "scheduling_policy": [
              {
                "preemptible": false
              }
            ],
            "secondary_disk": [],
            "service_account_id": "",
            "status": "running",
            "timeouts": null,
            "zone": "ru-central1-b"
          },
          "sensitive_attributes": [],
          "private": "eyJlMmJmYjczMC1lY2FhLTExZTYtOGY4OC0zNDM2M2JjN2M0YzAiOnsiY3JlYXRlIjozMDAwMDAwMDAwMDAsImRlbGV0ZSI6MzAwMDAwMDAwMDAwLCJ1cGRhdGUiOjMwMDAwMDAwMDAwMH0sInNjaGVtYV92ZXJzaW9uIjoiMSJ9",
          "dependencies": [
            "data.yandex_compute_image.ubuntu_image",
            "data.yandex_vpc_subnet.default-ru-central1-b"
          ]
        },
        {
          "index_key": "citus-worker-03",
          "schema_version": 1,
          "attributes": {
            "allow_recreate": null,
            "allow_stopping_for_update": null,
            "boot_disk": [
              {
                "auto_delete": true,
                "device_name": "epdqt4u3auln3n6614dh",
                "disk_id": "epdqt4u3auln3n6614dh",
                "initialize_params": [
                  {
                    "block_size": 4096,
                    "description": "",
                    "image_id": "fd8hv2dssq4boeimr8hc",
                    "name": "",
                    "size": 10,
                    "snapshot_id": "",
                    "type": "network-hdd"
                  }
                ],
                "mode": "READ_WRITE"
              }
            ],
            "created_at": "2024-01-13T05:06:51Z",
            "description": "",
            "filesystem": [],
            "folder_id": "b1g7jn3kmfd43b53ui4s",
            "fqdn": "citus-worker-03.ru-central1.internal",
            "gpu_cluster_id": "",
            "hostname": "citus-worker-03",
            "id": "epd7adut3c8u9g2i748s",
            "labels": null,
            "local_disk": [],
            "metadata": {
              "user-data": "#cloud-config\nusers:\n  - name: ubuntu\n    groups: sudo\n    shell: /bin/bash\n    sudo: ['ALL=(ALL) NOPASSWD:ALL']\n    ssh-authorized-keys:\n      - ssh-rsa AAAAB3NzaC1yc2EAAAADAQABAAABAQDKPUc0Hs7AHn9PdxPOmNngvpecgorKRMK0BIZLTRadaA7UYSMth7T4UfxgNAPm2OXnbCmjU9IItsyhLzdYXJt3V4nyZP9AN05FSYWq60baRSbjWllf5Nqsb5AC4edFLl7dLZJGKlGn5bVUdlfZOb7d5+OBW9PH+kxT5Zs/iJ+bFSpuU7G2hK+9R8bI31uokYh8Qb7Ku02GZyHDIVsAW7P1yZ2zcIZlyuaTjfciFobBi0OI9rWNbDq5R4LribaNNZpw5jQ5gYgh0aqahhnW3u635pZsjoWjz6m6ueuZmVCUFU9Z1R3AvHKnhFiNLP6arB9hpUgKsAZF+kb3tl7MhlwF\n"
            },
            "metadata_options": [
              {
                "aws_v1_http_endpoint": 1,
                "aws_v1_http_token": 2,
                "gce_http_endpoint": 1,
                "gce_http_token": 1
              }
            ],
            "name": "citus-worker-03",
            "network_acceleration_type": "standard",
            "network_interface": [
              {
                "dns_record": [],
                "index": 0,
                "ip_address": "10.129.0.15",
                "ipv4": true,
                "ipv6": false,
                "ipv6_address": "",
                "ipv6_dns_record": [],
                "mac_address": "d0:0d:75:37:dd:1b",
                "nat": true,
                "nat_dns_record": [],
                "nat_ip_address": "62.84.122.167",
                "nat_ip_version": "IPV4",
                "security_group_ids": [],
                "subnet_id": "e2lnu92uiq65p8jm4ulf"
              }
            ],
            "placement_policy": [
              {
                "host_affinity_rules": [],
                "placement_group_id": ""
              }
            ],
            "platform_id": "standard-v1",
            "resources": [
              {
                "core_fraction": 100,
                "cores": 2,
                "gpus": 0,
                "memory": 4
              }
            ],
            "scheduling_policy": [
              {
                "preemptible": false
              }
            ],
            "secondary_disk": [],
            "service_account_id": "",
            "status": "running",
            "timeouts": null,
            "zone": "ru-central1-b"
          },
          "sensitive_attributes": [],
          "private": "eyJlMmJmYjczMC1lY2FhLTExZTYtOGY4OC0zNDM2M2JjN2M0YzAiOnsiY3JlYXRlIjozMDAwMDAwMDAwMDAsImRlbGV0ZSI6MzAwMDAwMDAwMDAwLCJ1cGRhdGUiOjMwMDAwMDAwMDAwMH0sInNjaGVtYV92ZXJzaW9uIjoiMSJ9",
          "dependencies": [
            "data.yandex_compute_image.ubuntu_image",
            "data.yandex_vpc_subnet.default-ru-central1-b"
          ]
        },
        {
          "index_key": "etcd02",
          "schema_version": 1,
          "attributes": {
            "allow_recreate": null,
            "allow_stopping_for_update": null,
            "boot_disk": [
              {
                "auto_delete": true,
                "device_name": "epdf0ngh2kei5ehoqv75",
                "disk_id": "epdf0ngh2kei5ehoqv75",
                "initialize_params": [
                  {
                    "block_size": 4096,
                    "description": "",
                    "image_id": "fd8hv2dssq4boeimr8hc",
                    "name": "",
                    "size": 10,
                    "snapshot_id": "",
                    "type": "network-hdd"
                  }
                ],
                "mode": "READ_WRITE"
              }
            ],
            "created_at": "2024-01-13T05:06:51Z",
            "description": "",
            "filesystem": [],
            "folder_id": "b1g7jn3kmfd43b53ui4s",
            "fqdn": "etcd-02.ru-central1.internal",
            "gpu_cluster_id": "",
            "hostname": "etcd-02",
            "id": "epd7ipfcgkdslo6qm5bo",
            "labels": null,
            "local_disk": [],
            "metadata": {
              "user-data": "#cloud-config\nusers:\n  - name: ubuntu\n    groups: sudo\n    shell: /bin/bash\n    sudo: ['ALL=(ALL) NOPASSWD:ALL']\n    ssh-authorized-keys:\n      - ssh-rsa AAAAB3NzaC1yc2EAAAADAQABAAABAQDKPUc0Hs7AHn9PdxPOmNngvpecgorKRMK0BIZLTRadaA7UYSMth7T4UfxgNAPm2OXnbCmjU9IItsyhLzdYXJt3V4nyZP9AN05FSYWq60baRSbjWllf5Nqsb5AC4edFLl7dLZJGKlGn5bVUdlfZOb7d5+OBW9PH+kxT5Zs/iJ+bFSpuU7G2hK+9R8bI31uokYh8Qb7Ku02GZyHDIVsAW7P1yZ2zcIZlyuaTjfciFobBi0OI9rWNbDq5R4LribaNNZpw5jQ5gYgh0aqahhnW3u635pZsjoWjz6m6ueuZmVCUFU9Z1R3AvHKnhFiNLP6arB9hpUgKsAZF+kb3tl7MhlwF\n"
            },
            "metadata_options": [
              {
                "aws_v1_http_endpoint": 1,
                "aws_v1_http_token": 2,
                "gce_http_endpoint": 1,
                "gce_http_token": 1
              }
            ],
            "name": "etcd-02",
            "network_acceleration_type": "standard",
            "network_interface": [
              {
                "dns_record": [],
                "index": 0,
                "ip_address": "10.129.0.31",
                "ipv4": true,
                "ipv6": false,
                "ipv6_address": "",
                "ipv6_dns_record": [],
                "mac_address": "d0:0d:79:65:ec:85",
                "nat": true,
                "nat_dns_record": [],
                "nat_ip_address": "84.252.137.250",
                "nat_ip_version": "IPV4",
                "security_group_ids": [],
                "subnet_id": "e2lnu92uiq65p8jm4ulf"
              }
            ],
            "placement_policy": [
              {
                "host_affinity_rules": [],
                "placement_group_id": ""
              }
            ],
            "platform_id": "standard-v1",
            "resources": [
              {
                "core_fraction": 100,
                "cores": 2,
                "gpus": 0,
                "memory": 2
              }
            ],
            "scheduling_policy": [
              {
                "preemptible": false
              }
            ],
            "secondary_disk": [],
            "service_account_id": "",
            "status": "running",
            "timeouts": null,
            "zone": "ru-central1-b"
          },
          "sensitive_attributes": [],
          "private": "eyJlMmJmYjczMC1lY2FhLTExZTYtOGY4OC0zNDM2M2JjN2M0YzAiOnsiY3JlYXRlIjozMDAwMDAwMDAwMDAsImRlbGV0ZSI6MzAwMDAwMDAwMDAwLCJ1cGRhdGUiOjMwMDAwMDAwMDAwMH0sInNjaGVtYV92ZXJzaW9uIjoiMSJ9",
          "dependencies": [
            "data.yandex_compute_image.ubuntu_image",
            "data.yandex_vpc_subnet.default-ru-central1-b"
          ]
        },
        {
          "index_key": "haproxy-02",
          "schema_version": 1,
          "attributes": {
            "allow_recreate": null,
            "allow_stopping_for_update": null,
            "boot_disk": [
              {
                "auto_delete": true,
                "device_name": "epdomagimusnct4prdj6",
                "disk_id": "epdomagimusnct4prdj6",
                "initialize_params": [
                  {
                    "block_size": 4096,
                    "description": "",
                    "image_id": "fd8hv2dssq4boeimr8hc",
                    "name": "",
                    "size": 10,
                    "snapshot_id": "",
                    "type": "network-hdd"
                  }
                ],
                "mode": "READ_WRITE"
              }
            ],
            "created_at": "2024-01-13T05:06:51Z",
            "description": "",
            "filesystem": [],
            "folder_id": "b1g7jn3kmfd43b53ui4s",
            "fqdn": "haproxy-02.ru-central1.internal",
            "gpu_cluster_id": "",
            "hostname": "haproxy-02",
            "id": "epdrphq62338uvunvsvj",
            "labels": null,
            "local_disk": [],
            "metadata": {
              "user-data": "#cloud-config\nusers:\n  - name: ubuntu\n    groups: sudo\n    shell: /bin/bash\n    sudo: ['ALL=(ALL) NOPASSWD:ALL']\n    ssh-authorized-keys:\n      - ssh-rsa AAAAB3NzaC1yc2EAAAADAQABAAABAQDKPUc0Hs7AHn9PdxPOmNngvpecgorKRMK0BIZLTRadaA7UYSMth7T4UfxgNAPm2OXnbCmjU9IItsyhLzdYXJt3V4nyZP9AN05FSYWq60baRSbjWllf5Nqsb5AC4edFLl7dLZJGKlGn5bVUdlfZOb7d5+OBW9PH+kxT5Zs/iJ+bFSpuU7G2hK+9R8bI31uokYh8Qb7Ku02GZyHDIVsAW7P1yZ2zcIZlyuaTjfciFobBi0OI9rWNbDq5R4LribaNNZpw5jQ5gYgh0aqahhnW3u635pZsjoWjz6m6ueuZmVCUFU9Z1R3AvHKnhFiNLP6arB9hpUgKsAZF+kb3tl7MhlwF\n"
            },
            "metadata_options": [
              {
                "aws_v1_http_endpoint": 1,
                "aws_v1_http_token": 2,
                "gce_http_endpoint": 1,
                "gce_http_token": 1
              }
            ],
            "name": "haproxy-02",
            "network_acceleration_type": "standard",
            "network_interface": [
              {
                "dns_record": [],
                "index": 0,
                "ip_address": "10.129.0.14",
                "ipv4": true,
                "ipv6": false,
                "ipv6_address": "",
                "ipv6_dns_record": [],
                "mac_address": "d0:0d:1b:cc:74:61",
                "nat": true,
                "nat_dns_record": [],
                "nat_ip_address": "84.252.138.19",
                "nat_ip_version": "IPV4",
                "security_group_ids": [],
                "subnet_id": "e2lnu92uiq65p8jm4ulf"
              }
            ],
            "placement_policy": [
              {
                "host_affinity_rules": [],
                "placement_group_id": ""
              }
            ],
            "platform_id": "standard-v1",
            "resources": [
              {
                "core_fraction": 100,
                "cores": 2,
                "gpus": 0,
                "memory": 2
              }
            ],
            "scheduling_policy": [
              {
                "preemptible": false
              }
            ],
            "secondary_disk": [],
            "service_account_id": "",
            "status": "running",
            "timeouts": null,
            "zone": "ru-central1-b"
          },
          "sensitive_attributes": [],
          "private": "eyJlMmJmYjczMC1lY2FhLTExZTYtOGY4OC0zNDM2M2JjN2M0YzAiOnsiY3JlYXRlIjozMDAwMDAwMDAwMDAsImRlbGV0ZSI6MzAwMDAwMDAwMDAwLCJ1cGRhdGUiOjMwMDAwMDAwMDAwMH0sInNjaGVtYV92ZXJzaW9uIjoiMSJ9",
          "dependencies": [
            "data.yandex_compute_image.ubuntu_image",
            "data.yandex_vpc_subnet.default-ru-central1-b"
          ]
        }
      ]
    },
    {
      "mode": "managed",
      "type": "yandex_compute_instance",
      "name": "zone_c_hostnames",
      "provider": "provider[\"registry.terraform.io/yandex-cloud/yandex\"]",
      "instances": [
        {
          "index_key": "etcd03",
          "schema_version": 1,
          "attributes": {
            "allow_recreate": null,
            "allow_stopping_for_update": null,
            "boot_disk": [
              {
                "auto_delete": true,
                "device_name": "ef3g855m138r3ncjoi2h",
                "disk_id": "ef3g855m138r3ncjoi2h",
                "initialize_params": [
                  {
                    "block_size": 4096,
                    "description": "",
                    "image_id": "fd8hv2dssq4boeimr8hc",
                    "name": "",
                    "size": 10,
                    "snapshot_id": "",
                    "type": "network-hdd"
                  }
                ],
                "mode": "READ_WRITE"
              }
            ],
            "created_at": "2024-01-13T05:06:51Z",
            "description": "",
            "filesystem": [],
            "folder_id": "b1g7jn3kmfd43b53ui4s",
            "fqdn": "etcd-03.ru-central1.internal",
            "gpu_cluster_id": "",
            "hostname": "etcd-03",
            "id": "ef3ugcf0gdfovoequ033",
            "labels": null,
            "local_disk": [],
            "metadata": {
              "user-data": "#cloud-config\nusers:\n  - name: ubuntu\n    groups: sudo\n    shell: /bin/bash\n    sudo: ['ALL=(ALL) NOPASSWD:ALL']\n    ssh-authorized-keys:\n      - ssh-rsa AAAAB3NzaC1yc2EAAAADAQABAAABAQDKPUc0Hs7AHn9PdxPOmNngvpecgorKRMK0BIZLTRadaA7UYSMth7T4UfxgNAPm2OXnbCmjU9IItsyhLzdYXJt3V4nyZP9AN05FSYWq60baRSbjWllf5Nqsb5AC4edFLl7dLZJGKlGn5bVUdlfZOb7d5+OBW9PH+kxT5Zs/iJ+bFSpuU7G2hK+9R8bI31uokYh8Qb7Ku02GZyHDIVsAW7P1yZ2zcIZlyuaTjfciFobBi0OI9rWNbDq5R4LribaNNZpw5jQ5gYgh0aqahhnW3u635pZsjoWjz6m6ueuZmVCUFU9Z1R3AvHKnhFiNLP6arB9hpUgKsAZF+kb3tl7MhlwF\n"
            },
            "metadata_options": [
              {
                "aws_v1_http_endpoint": 1,
                "aws_v1_http_token": 2,
                "gce_http_endpoint": 1,
                "gce_http_token": 1
              }
            ],
            "name": "etcd-03",
            "network_acceleration_type": "standard",
            "network_interface": [
              {
                "dns_record": [],
                "index": 0,
                "ip_address": "10.130.0.25",
                "ipv4": true,
                "ipv6": false,
                "ipv6_address": "",
                "ipv6_dns_record": [],
                "mac_address": "d0:0d:1e:83:1e:08",
                "nat": true,
                "nat_dns_record": [],
                "nat_ip_address": "51.250.39.217",
                "nat_ip_version": "IPV4",
                "security_group_ids": [],
                "subnet_id": "b0cdp7n3i6thfhi209fe"
              }
            ],
            "placement_policy": [
              {
                "host_affinity_rules": [],
                "placement_group_id": ""
              }
            ],
            "platform_id": "standard-v1",
            "resources": [
              {
                "core_fraction": 100,
                "cores": 2,
                "gpus": 0,
                "memory": 2
              }
            ],
            "scheduling_policy": [
              {
                "preemptible": false
              }
            ],
            "secondary_disk": [],
            "service_account_id": "",
            "status": "running",
            "timeouts": null,
            "zone": "ru-central1-c"
          },
          "sensitive_attributes": [],
          "private": "eyJlMmJmYjczMC1lY2FhLTExZTYtOGY4OC0zNDM2M2JjN2M0YzAiOnsiY3JlYXRlIjozMDAwMDAwMDAwMDAsImRlbGV0ZSI6MzAwMDAwMDAwMDAwLCJ1cGRhdGUiOjMwMDAwMDAwMDAwMH0sInNjaGVtYV92ZXJzaW9uIjoiMSJ9",
          "dependencies": [
            "data.yandex_compute_image.ubuntu_image",
            "data.yandex_vpc_subnet.default-ru-central1-c"
          ]
        }
      ]
    }
  ],
  "check_results": null
}
