{
  "version": 4,
  "terraform_version": "1.5.3",
  "serial": 359,
  "lineage": "06379f24-de5d-5742-0091-322d665f3402",
  "outputs": {},
  "resources": [
    {
      "mode": "data",
      "type": "yandex_compute_image",
      "name": "ubuntu_image",
      "provider": "provider[\"registry.terraform.io/yandex-cloud/yandex\"]",
      "instances": [
        {
          "schema_version": 0,
          "attributes": {
            "created_at": "2023-12-18T10:56:31Z",
            "description": "ubuntu 20.04 lts",
            "family": "ubuntu-2004-lts",
            "folder_id": "standard-images",
            "id": "fd85an6q1o26nf37i2nl",
            "image_id": "fd85an6q1o26nf37i2nl",
            "labels": {},
            "min_disk_size": 5,
            "name": "ubuntu-20-04-lts-v20231218",
            "os_type": "linux",
            "pooled": true,
            "product_ids": [
              "f2ekp29fd7vk7pke4hj5"
            ],
            "size": 4,
            "status": "ready"
          },
          "sensitive_attributes": []
        }
      ]
    },
    {
      "mode": "data",
      "type": "yandex_vpc_network",
      "name": "default",
      "provider": "provider[\"registry.terraform.io/yandex-cloud/yandex\"]",
      "instances": [
        {
          "schema_version": 0,
          "attributes": {
            "created_at": "2023-04-08T17:33:44Z",
            "default_security_group_id": "",
            "description": "Auto-created network",
            "folder_id": "b1g7jn3kmfd43b53ui4s",
            "id": "enpfqa8mj3jnlp1qitno",
            "labels": {},
            "name": "default",
            "network_id": "enpfqa8mj3jnlp1qitno",
            "subnet_ids": [
              "b0cdp7n3i6thfhi209fe",
              "e2lnu92uiq65p8jm4ulf",
              "e9b76q9b573881psop2r"
            ]
          },
          "sensitive_attributes": []
        }
      ]
    },
    {
      "mode": "data",
      "type": "yandex_vpc_subnet",
      "name": "default-ru-central1-a",
      "provider": "provider[\"registry.terraform.io/yandex-cloud/yandex\"]",
      "instances": [
        {
          "schema_version": 0,
          "attributes": {
            "created_at": "2023-04-08T17:33:44Z",
            "description": "Auto-created default subnet for zone ru-central1-a in default",
            "dhcp_options": [],
            "folder_id": "b1g7jn3kmfd43b53ui4s",
            "id": "e9b76q9b573881psop2r",
            "labels": {},
            "name": "default-ru-central1-a",
            "network_id": "enpfqa8mj3jnlp1qitno",
            "route_table_id": "",
            "subnet_id": "e9b76q9b573881psop2r",
            "v4_cidr_blocks": [
              "10.128.0.0/24"
            ],
            "v6_cidr_blocks": [],
            "zone": "ru-central1-a"
          },
          "sensitive_attributes": []
        }
      ]
    },
    {
      "mode": "data",
      "type": "yandex_vpc_subnet",
      "name": "default-ru-central1-b",
      "provider": "provider[\"registry.terraform.io/yandex-cloud/yandex\"]",
      "instances": [
        {
          "schema_version": 0,
          "attributes": {
            "created_at": "2023-04-08T17:33:44Z",
            "description": "Auto-created default subnet for zone ru-central1-b in default",
            "dhcp_options": [],
            "folder_id": "b1g7jn3kmfd43b53ui4s",
            "id": "e2lnu92uiq65p8jm4ulf",
            "labels": {},
            "name": "default-ru-central1-b",
            "network_id": "enpfqa8mj3jnlp1qitno",
            "route_table_id": "",
            "subnet_id": "e2lnu92uiq65p8jm4ulf",
            "v4_cidr_blocks": [
              "10.129.0.0/24"
            ],
            "v6_cidr_blocks": [],
            "zone": "ru-central1-b"
          },
          "sensitive_attributes": []
        }
      ]
    },
    {
      "mode": "data",
      "type": "yandex_vpc_subnet",
      "name": "default-ru-central1-c",
      "provider": "provider[\"registry.terraform.io/yandex-cloud/yandex\"]",
      "instances": [
        {
          "schema_version": 0,
          "attributes": {
            "created_at": "2023-04-08T17:33:45Z",
            "description": "Auto-created default subnet for zone ru-central1-c in default",
            "dhcp_options": [],
            "folder_id": "b1g7jn3kmfd43b53ui4s",
            "id": "b0cdp7n3i6thfhi209fe",
            "labels": {},
            "name": "default-ru-central1-c",
            "network_id": "enpfqa8mj3jnlp1qitno",
            "route_table_id": "",
            "subnet_id": "b0cdp7n3i6thfhi209fe",
            "v4_cidr_blocks": [
              "10.130.0.0/24"
            ],
            "v6_cidr_blocks": [],
            "zone": "ru-central1-c"
          },
          "sensitive_attributes": []
        }
      ]
    },
    {
      "mode": "managed",
      "type": "yandex_compute_instance",
      "name": "zone_a_hostnames",
      "provider": "provider[\"registry.terraform.io/yandex-cloud/yandex\"]",
      "instances": [
        {
          "index_key": "citus-coord-01",
          "schema_version": 1,
          "attributes": {
            "allow_recreate": null,
            "allow_stopping_for_update": null,
            "boot_disk": [
              {
                "auto_delete": true,
                "device_name": "fhmdbjvnldqlumiomp7l",
                "disk_id": "fhmdbjvnldqlumiomp7l",
                "initialize_params": [
                  {
                    "block_size": 4096,
                    "description": "",
                    "image_id": "fd85an6q1o26nf37i2nl",
                    "name": "",
                    "size": 10,
                    "snapshot_id": "",
                    "type": "network-hdd"
                  }
                ],
                "mode": "READ_WRITE"
              }
            ],
            "created_at": "2023-12-19T09:11:31Z",
            "description": "",
            "filesystem": [],
            "folder_id": "b1g7jn3kmfd43b53ui4s",
            "fqdn": "citus-coord-01.ru-central1.internal",
            "gpu_cluster_id": "",
            "hostname": "citus-coord-01",
            "id": "fhmh3d3210binv2ja9p3",
            "labels": {},
            "local_disk": [],
            "metadata": {
              "user-data": "#cloud-config\nusers:\n  - name: ubuntu\n    groups: sudo\n    shell: /bin/bash\n    sudo: ['ALL=(ALL) NOPASSWD:ALL']\n    ssh-authorized-keys:\n      - ssh-rsa AAAAB3NzaC1yc2EAAAADAQABAAABAQDKPUc0Hs7AHn9PdxPOmNngvpecgorKRMK0BIZLTRadaA7UYSMth7T4UfxgNAPm2OXnbCmjU9IItsyhLzdYXJt3V4nyZP9AN05FSYWq60baRSbjWllf5Nqsb5AC4edFLl7dLZJGKlGn5bVUdlfZOb7d5+OBW9PH+kxT5Zs/iJ+bFSpuU7G2hK+9R8bI31uokYh8Qb7Ku02GZyHDIVsAW7P1yZ2zcIZlyuaTjfciFobBi0OI9rWNbDq5R4LribaNNZpw5jQ5gYgh0aqahhnW3u635pZsjoWjz6m6ueuZmVCUFU9Z1R3AvHKnhFiNLP6arB9hpUgKsAZF+kb3tl7MhlwF\n"
            },
            "metadata_options": [
              {
                "aws_v1_http_endpoint": 1,
                "aws_v1_http_token": 2,
                "gce_http_endpoint": 1,
                "gce_http_token": 1
              }
            ],
            "name": "citus-coord-01",
            "network_acceleration_type": "standard",
            "network_interface": [
              {
                "dns_record": [],
                "index": 0,
                "ip_address": "10.128.0.20",
                "ipv4": true,
                "ipv6": false,
                "ipv6_address": "",
                "ipv6_dns_record": [],
                "mac_address": "d0:0d:11:1b:46:20",
                "nat": true,
                "nat_dns_record": [],
                "nat_ip_address": "158.160.127.75",
                "nat_ip_version": "IPV4",
                "security_group_ids": [],
                "subnet_id": "e9b76q9b573881psop2r"
              }
            ],
            "placement_policy": [
              {
                "host_affinity_rules": [],
                "placement_group_id": ""
              }
            ],
            "platform_id": "standard-v1",
            "resources": [
              {
                "core_fraction": 20,
                "cores": 2,
                "gpus": 0,
                "memory": 2
              }
            ],
            "scheduling_policy": [
              {
                "preemptible": false
              }
            ],
            "secondary_disk": [],
            "service_account_id": "",
            "status": "running",
            "timeouts": null,
            "zone": "ru-central1-a"
          },
          "sensitive_attributes": [],
          "private": "eyJlMmJmYjczMC1lY2FhLTExZTYtOGY4OC0zNDM2M2JjN2M0YzAiOnsiY3JlYXRlIjozMDAwMDAwMDAwMDAsImRlbGV0ZSI6MzAwMDAwMDAwMDAwLCJ1cGRhdGUiOjMwMDAwMDAwMDAwMH0sInNjaGVtYV92ZXJzaW9uIjoiMSJ9",
          "dependencies": [
            "data.yandex_compute_image.ubuntu_image",
            "data.yandex_vpc_subnet.default-ru-central1-a"
          ]
        },
        {
          "index_key": "citus-worker-01",
          "schema_version": 1,
          "attributes": {
            "allow_recreate": null,
            "allow_stopping_for_update": null,
            "boot_disk": [
              {
                "auto_delete": true,
                "device_name": "fhmfv30mpkh6viqp8gi1",
                "disk_id": "fhmfv30mpkh6viqp8gi1",
                "initialize_params": [
                  {
                    "block_size": 4096,
                    "description": "",
                    "image_id": "fd85an6q1o26nf37i2nl",
                    "name": "",
                    "size": 10,
                    "snapshot_id": "",
                    "type": "network-hdd"
                  }
                ],
                "mode": "READ_WRITE"
              }
            ],
            "created_at": "2023-12-19T09:11:31Z",
            "description": "",
            "filesystem": [],
            "folder_id": "b1g7jn3kmfd43b53ui4s",
            "fqdn": "citus-worker-01.ru-central1.internal",
            "gpu_cluster_id": "",
            "hostname": "citus-worker-01",
            "id": "fhm2snv5t0athknd32ml",
            "labels": {},
            "local_disk": [],
            "metadata": {
              "user-data": "#cloud-config\nusers:\n  - name: ubuntu\n    groups: sudo\n    shell: /bin/bash\n    sudo: ['ALL=(ALL) NOPASSWD:ALL']\n    ssh-authorized-keys:\n      - ssh-rsa AAAAB3NzaC1yc2EAAAADAQABAAABAQDKPUc0Hs7AHn9PdxPOmNngvpecgorKRMK0BIZLTRadaA7UYSMth7T4UfxgNAPm2OXnbCmjU9IItsyhLzdYXJt3V4nyZP9AN05FSYWq60baRSbjWllf5Nqsb5AC4edFLl7dLZJGKlGn5bVUdlfZOb7d5+OBW9PH+kxT5Zs/iJ+bFSpuU7G2hK+9R8bI31uokYh8Qb7Ku02GZyHDIVsAW7P1yZ2zcIZlyuaTjfciFobBi0OI9rWNbDq5R4LribaNNZpw5jQ5gYgh0aqahhnW3u635pZsjoWjz6m6ueuZmVCUFU9Z1R3AvHKnhFiNLP6arB9hpUgKsAZF+kb3tl7MhlwF\n"
            },
            "metadata_options": [
              {
                "aws_v1_http_endpoint": 1,
                "aws_v1_http_token": 2,
                "gce_http_endpoint": 1,
                "gce_http_token": 1
              }
            ],
            "name": "citus-worker-01",
            "network_acceleration_type": "standard",
            "network_interface": [
              {
                "dns_record": [],
                "index": 0,
                "ip_address": "10.128.0.23",
                "ipv4": true,
                "ipv6": false,
                "ipv6_address": "",
                "ipv6_dns_record": [],
                "mac_address": "d0:0d:2e:5f:e5:e8",
                "nat": true,
                "nat_dns_record": [],
                "nat_ip_address": "158.160.119.193",
                "nat_ip_version": "IPV4",
                "security_group_ids": [],
                "subnet_id": "e9b76q9b573881psop2r"
              }
            ],
            "placement_policy": [
              {
                "host_affinity_rules": [],
                "placement_group_id": ""
              }
            ],
            "platform_id": "standard-v1",
            "resources": [
              {
                "core_fraction": 20,
                "cores": 2,
                "gpus": 0,
                "memory": 2
              }
            ],
            "scheduling_policy": [
              {
                "preemptible": false
              }
            ],
            "secondary_disk": [],
            "service_account_id": "",
            "status": "running",
            "timeouts": null,
            "zone": "ru-central1-a"
          },
          "sensitive_attributes": [],
          "private": "eyJlMmJmYjczMC1lY2FhLTExZTYtOGY4OC0zNDM2M2JjN2M0YzAiOnsiY3JlYXRlIjozMDAwMDAwMDAwMDAsImRlbGV0ZSI6MzAwMDAwMDAwMDAwLCJ1cGRhdGUiOjMwMDAwMDAwMDAwMH0sInNjaGVtYV92ZXJzaW9uIjoiMSJ9",
          "dependencies": [
            "data.yandex_compute_image.ubuntu_image",
            "data.yandex_vpc_subnet.default-ru-central1-a"
          ]
        },
        {
          "index_key": "citus-worker-02",
          "schema_version": 1,
          "attributes": {
            "allow_recreate": null,
            "allow_stopping_for_update": null,
            "boot_disk": [
              {
                "auto_delete": true,
                "device_name": "fhm8trabmi67p4k48ubg",
                "disk_id": "fhm8trabmi67p4k48ubg",
                "initialize_params": [
                  {
                    "block_size": 4096,
                    "description": "",
                    "image_id": "fd85an6q1o26nf37i2nl",
                    "name": "",
                    "size": 10,
                    "snapshot_id": "",
                    "type": "network-hdd"
                  }
                ],
                "mode": "READ_WRITE"
              }
            ],
            "created_at": "2023-12-19T09:11:31Z",
            "description": "",
            "filesystem": [],
            "folder_id": "b1g7jn3kmfd43b53ui4s",
            "fqdn": "citus-worker-02.ru-central1.internal",
            "gpu_cluster_id": "",
            "hostname": "citus-worker-02",
            "id": "fhm1f5o215kcf21g4o0j",
            "labels": {},
            "local_disk": [],
            "metadata": {
              "user-data": "#cloud-config\nusers:\n  - name: ubuntu\n    groups: sudo\n    shell: /bin/bash\n    sudo: ['ALL=(ALL) NOPASSWD:ALL']\n    ssh-authorized-keys:\n      - ssh-rsa AAAAB3NzaC1yc2EAAAADAQABAAABAQDKPUc0Hs7AHn9PdxPOmNngvpecgorKRMK0BIZLTRadaA7UYSMth7T4UfxgNAPm2OXnbCmjU9IItsyhLzdYXJt3V4nyZP9AN05FSYWq60baRSbjWllf5Nqsb5AC4edFLl7dLZJGKlGn5bVUdlfZOb7d5+OBW9PH+kxT5Zs/iJ+bFSpuU7G2hK+9R8bI31uokYh8Qb7Ku02GZyHDIVsAW7P1yZ2zcIZlyuaTjfciFobBi0OI9rWNbDq5R4LribaNNZpw5jQ5gYgh0aqahhnW3u635pZsjoWjz6m6ueuZmVCUFU9Z1R3AvHKnhFiNLP6arB9hpUgKsAZF+kb3tl7MhlwF\n"
            },
            "metadata_options": [
              {
                "aws_v1_http_endpoint": 1,
                "aws_v1_http_token": 2,
                "gce_http_endpoint": 1,
                "gce_http_token": 1
              }
            ],
            "name": "citus-worker-02",
            "network_acceleration_type": "standard",
            "network_interface": [
              {
                "dns_record": [],
                "index": 0,
                "ip_address": "10.128.0.33",
                "ipv4": true,
                "ipv6": false,
                "ipv6_address": "",
                "ipv6_dns_record": [],
                "mac_address": "d0:0d:17:97:02:09",
                "nat": true,
                "nat_dns_record": [],
                "nat_ip_address": "158.160.53.154",
                "nat_ip_version": "IPV4",
                "security_group_ids": [],
                "subnet_id": "e9b76q9b573881psop2r"
              }
            ],
            "placement_policy": [
              {
                "host_affinity_rules": [],
                "placement_group_id": ""
              }
            ],
            "platform_id": "standard-v1",
            "resources": [
              {
                "core_fraction": 20,
                "cores": 2,
                "gpus": 0,
                "memory": 2
              }
            ],
            "scheduling_policy": [
              {
                "preemptible": false
              }
            ],
            "secondary_disk": [],
            "service_account_id": "",
            "status": "running",
            "timeouts": null,
            "zone": "ru-central1-a"
          },
          "sensitive_attributes": [],
          "private": "eyJlMmJmYjczMC1lY2FhLTExZTYtOGY4OC0zNDM2M2JjN2M0YzAiOnsiY3JlYXRlIjozMDAwMDAwMDAwMDAsImRlbGV0ZSI6MzAwMDAwMDAwMDAwLCJ1cGRhdGUiOjMwMDAwMDAwMDAwMH0sInNjaGVtYV92ZXJzaW9uIjoiMSJ9",
          "dependencies": [
            "data.yandex_compute_image.ubuntu_image",
            "data.yandex_vpc_subnet.default-ru-central1-a"
          ]
        },
        {
          "index_key": "etcd01",
          "schema_version": 1,
          "attributes": {
            "allow_recreate": null,
            "allow_stopping_for_update": null,
            "boot_disk": [
              {
                "auto_delete": true,
                "device_name": "fhml54p10i2jalf5r8bd",
                "disk_id": "fhml54p10i2jalf5r8bd",
                "initialize_params": [
                  {
                    "block_size": 4096,
                    "description": "",
                    "image_id": "fd85an6q1o26nf37i2nl",
                    "name": "",
                    "size": 10,
                    "snapshot_id": "",
                    "type": "network-hdd"
                  }
                ],
                "mode": "READ_WRITE"
              }
            ],
            "created_at": "2023-12-19T09:11:32Z",
            "description": "",
            "filesystem": [],
            "folder_id": "b1g7jn3kmfd43b53ui4s",
            "fqdn": "etcd-01.ru-central1.internal",
            "gpu_cluster_id": "",
            "hostname": "etcd-01",
            "id": "fhm3ekcddsfkkufn3v1s",
            "labels": {},
            "local_disk": [],
            "metadata": {
              "user-data": "#cloud-config\nusers:\n  - name: ubuntu\n    groups: sudo\n    shell: /bin/bash\n    sudo: ['ALL=(ALL) NOPASSWD:ALL']\n    ssh-authorized-keys:\n      - ssh-rsa AAAAB3NzaC1yc2EAAAADAQABAAABAQDKPUc0Hs7AHn9PdxPOmNngvpecgorKRMK0BIZLTRadaA7UYSMth7T4UfxgNAPm2OXnbCmjU9IItsyhLzdYXJt3V4nyZP9AN05FSYWq60baRSbjWllf5Nqsb5AC4edFLl7dLZJGKlGn5bVUdlfZOb7d5+OBW9PH+kxT5Zs/iJ+bFSpuU7G2hK+9R8bI31uokYh8Qb7Ku02GZyHDIVsAW7P1yZ2zcIZlyuaTjfciFobBi0OI9rWNbDq5R4LribaNNZpw5jQ5gYgh0aqahhnW3u635pZsjoWjz6m6ueuZmVCUFU9Z1R3AvHKnhFiNLP6arB9hpUgKsAZF+kb3tl7MhlwF\n"
            },
            "metadata_options": [
              {
                "aws_v1_http_endpoint": 1,
                "aws_v1_http_token": 2,
                "gce_http_endpoint": 1,
                "gce_http_token": 1
              }
            ],
            "name": "etcd-01",
            "network_acceleration_type": "standard",
            "network_interface": [
              {
                "dns_record": [],
                "index": 0,
                "ip_address": "10.128.0.9",
                "ipv4": true,
                "ipv6": false,
                "ipv6_address": "",
                "ipv6_dns_record": [],
                "mac_address": "d0:0d:37:51:8d:6f",
                "nat": true,
                "nat_dns_record": [],
                "nat_ip_address": "51.250.90.131",
                "nat_ip_version": "IPV4",
                "security_group_ids": [],
                "subnet_id": "e9b76q9b573881psop2r"
              }
            ],
            "placement_policy": [
              {
                "host_affinity_rules": [],
                "placement_group_id": ""
              }
            ],
            "platform_id": "standard-v1",
            "resources": [
              {
                "core_fraction": 20,
                "cores": 2,
                "gpus": 0,
                "memory": 2
              }
            ],
            "scheduling_policy": [
              {
                "preemptible": false
              }
            ],
            "secondary_disk": [],
            "service_account_id": "",
            "status": "running",
            "timeouts": null,
            "zone": "ru-central1-a"
          },
          "sensitive_attributes": [],
          "private": "eyJlMmJmYjczMC1lY2FhLTExZTYtOGY4OC0zNDM2M2JjN2M0YzAiOnsiY3JlYXRlIjozMDAwMDAwMDAwMDAsImRlbGV0ZSI6MzAwMDAwMDAwMDAwLCJ1cGRhdGUiOjMwMDAwMDAwMDAwMH0sInNjaGVtYV92ZXJzaW9uIjoiMSJ9",
          "dependencies": [
            "data.yandex_compute_image.ubuntu_image",
            "data.yandex_vpc_subnet.default-ru-central1-a"
          ]
        },
        {
          "index_key": "haproxy-01",
          "schema_version": 1,
          "attributes": {
            "allow_recreate": null,
            "allow_stopping_for_update": null,
            "boot_disk": [
              {
                "auto_delete": true,
                "device_name": "fhmin49ki9qtubds1n2h",
                "disk_id": "fhmin49ki9qtubds1n2h",
                "initialize_params": [
                  {
                    "block_size": 4096,
                    "description": "",
                    "image_id": "fd85an6q1o26nf37i2nl",
                    "name": "",
                    "size": 10,
                    "snapshot_id": "",
                    "type": "network-hdd"
                  }
                ],
                "mode": "READ_WRITE"
              }
            ],
            "created_at": "2023-12-19T09:11:31Z",
            "description": "",
            "filesystem": [],
            "folder_id": "b1g7jn3kmfd43b53ui4s",
            "fqdn": "haproxy-01.ru-central1.internal",
            "gpu_cluster_id": "",
            "hostname": "haproxy-01",
            "id": "fhmbhv60n2uo075o6i8s",
            "labels": {},
            "local_disk": [],
            "metadata": {
              "user-data": "#cloud-config\nusers:\n  - name: ubuntu\n    groups: sudo\n    shell: /bin/bash\n    sudo: ['ALL=(ALL) NOPASSWD:ALL']\n    ssh-authorized-keys:\n      - ssh-rsa AAAAB3NzaC1yc2EAAAADAQABAAABAQDKPUc0Hs7AHn9PdxPOmNngvpecgorKRMK0BIZLTRadaA7UYSMth7T4UfxgNAPm2OXnbCmjU9IItsyhLzdYXJt3V4nyZP9AN05FSYWq60baRSbjWllf5Nqsb5AC4edFLl7dLZJGKlGn5bVUdlfZOb7d5+OBW9PH+kxT5Zs/iJ+bFSpuU7G2hK+9R8bI31uokYh8Qb7Ku02GZyHDIVsAW7P1yZ2zcIZlyuaTjfciFobBi0OI9rWNbDq5R4LribaNNZpw5jQ5gYgh0aqahhnW3u635pZsjoWjz6m6ueuZmVCUFU9Z1R3AvHKnhFiNLP6arB9hpUgKsAZF+kb3tl7MhlwF\n"
            },
            "metadata_options": [
              {
                "aws_v1_http_endpoint": 1,
                "aws_v1_http_token": 2,
                "gce_http_endpoint": 1,
                "gce_http_token": 1
              }
            ],
            "name": "haproxy-01",
            "network_acceleration_type": "standard",
            "network_interface": [
              {
                "dns_record": [],
                "index": 0,
                "ip_address": "10.128.0.7",
                "ipv4": true,
                "ipv6": false,
                "ipv6_address": "",
                "ipv6_dns_record": [],
                "mac_address": "d0:0d:b8:fc:c0:b8",
                "nat": true,
                "nat_dns_record": [],
                "nat_ip_address": "158.160.103.147",
                "nat_ip_version": "IPV4",
                "security_group_ids": [],
                "subnet_id": "e9b76q9b573881psop2r"
              }
            ],
            "placement_policy": [
              {
                "host_affinity_rules": [],
                "placement_group_id": ""
              }
            ],
            "platform_id": "standard-v1",
            "resources": [
              {
                "core_fraction": 20,
                "cores": 2,
                "gpus": 0,
                "memory": 2
              }
            ],
            "scheduling_policy": [
              {
                "preemptible": false
              }
            ],
            "secondary_disk": [],
            "service_account_id": "",
            "status": "running",
            "timeouts": null,
            "zone": "ru-central1-a"
          },
          "sensitive_attributes": [],
          "private": "eyJlMmJmYjczMC1lY2FhLTExZTYtOGY4OC0zNDM2M2JjN2M0YzAiOnsiY3JlYXRlIjozMDAwMDAwMDAwMDAsImRlbGV0ZSI6MzAwMDAwMDAwMDAwLCJ1cGRhdGUiOjMwMDAwMDAwMDAwMH0sInNjaGVtYV92ZXJzaW9uIjoiMSJ9",
          "dependencies": [
            "data.yandex_compute_image.ubuntu_image",
            "data.yandex_vpc_subnet.default-ru-central1-a"
          ]
        },
        {
          "index_key": "monitoring",
          "schema_version": 1,
          "attributes": {
            "allow_recreate": null,
            "allow_stopping_for_update": null,
            "boot_disk": [
              {
                "auto_delete": true,
                "device_name": "fhm5tkf49iuln37g1knd",
                "disk_id": "fhm5tkf49iuln37g1knd",
                "initialize_params": [
                  {
                    "block_size": 4096,
                    "description": "",
                    "image_id": "fd85an6q1o26nf37i2nl",
                    "name": "",
                    "size": 10,
                    "snapshot_id": "",
                    "type": "network-hdd"
                  }
                ],
                "mode": "READ_WRITE"
              }
            ],
            "created_at": "2023-12-19T11:16:58Z",
            "description": "",
            "filesystem": [],
            "folder_id": "b1g7jn3kmfd43b53ui4s",
            "fqdn": "monitoring.ru-central1.internal",
            "gpu_cluster_id": "",
            "hostname": "monitoring",
            "id": "fhmscj8jr7ki9rftlnq7",
            "labels": null,
            "local_disk": [],
            "metadata": {
              "user-data": "#cloud-config\nusers:\n  - name: ubuntu\n    groups: sudo\n    shell: /bin/bash\n    sudo: ['ALL=(ALL) NOPASSWD:ALL']\n    ssh-authorized-keys:\n      - ssh-rsa AAAAB3NzaC1yc2EAAAADAQABAAABAQDKPUc0Hs7AHn9PdxPOmNngvpecgorKRMK0BIZLTRadaA7UYSMth7T4UfxgNAPm2OXnbCmjU9IItsyhLzdYXJt3V4nyZP9AN05FSYWq60baRSbjWllf5Nqsb5AC4edFLl7dLZJGKlGn5bVUdlfZOb7d5+OBW9PH+kxT5Zs/iJ+bFSpuU7G2hK+9R8bI31uokYh8Qb7Ku02GZyHDIVsAW7P1yZ2zcIZlyuaTjfciFobBi0OI9rWNbDq5R4LribaNNZpw5jQ5gYgh0aqahhnW3u635pZsjoWjz6m6ueuZmVCUFU9Z1R3AvHKnhFiNLP6arB9hpUgKsAZF+kb3tl7MhlwF\n"
            },
            "metadata_options": [
              {
                "aws_v1_http_endpoint": 1,
                "aws_v1_http_token": 2,
                "gce_http_endpoint": 1,
                "gce_http_token": 1
              }
            ],
            "name": "monitoring",
            "network_acceleration_type": "standard",
            "network_interface": [
              {
                "dns_record": [],
                "index": 0,
                "ip_address": "10.128.0.5",
                "ipv4": true,
                "ipv6": false,
                "ipv6_address": "",
                "ipv6_dns_record": [],
                "mac_address": "d0:0d:1c:64:d1:3d",
                "nat": true,
                "nat_dns_record": [],
                "nat_ip_address": "84.201.172.29",
                "nat_ip_version": "IPV4",
                "security_group_ids": [],
                "subnet_id": "e9b76q9b573881psop2r"
              }
            ],
            "placement_policy": [
              {
                "host_affinity_rules": [],
                "placement_group_id": ""
              }
            ],
            "platform_id": "standard-v1",
            "resources": [
              {
                "core_fraction": 20,
                "cores": 2,
                "gpus": 0,
                "memory": 2
              }
            ],
            "scheduling_policy": [
              {
                "preemptible": false
              }
            ],
            "secondary_disk": [],
            "service_account_id": "",
            "status": "running",
            "timeouts": null,
            "zone": "ru-central1-a"
          },
          "sensitive_attributes": [],
          "private": "eyJlMmJmYjczMC1lY2FhLTExZTYtOGY4OC0zNDM2M2JjN2M0YzAiOnsiY3JlYXRlIjozMDAwMDAwMDAwMDAsImRlbGV0ZSI6MzAwMDAwMDAwMDAwLCJ1cGRhdGUiOjMwMDAwMDAwMDAwMH0sInNjaGVtYV92ZXJzaW9uIjoiMSJ9",
          "dependencies": [
            "data.yandex_compute_image.ubuntu_image",
            "data.yandex_vpc_subnet.default-ru-central1-a"
          ]
        }
      ]
    }
  ],
  "check_results": null
}
